// !$*UTF8*$!
{
	archiveVersion = 1;
	classes = {
	};
	objectVersion = 46;
	objects = {

/* Begin PBXBuildFile section */
		EB11A62618F4EF2E00B9E6D6 /* XCTest.framework in Frameworks */ = {isa = PBXBuildFile; fileRef = EB7FA3B218F4125000B08F3C /* XCTest.framework */; };
		EB11A62C18F4EF2E00B9E6D6 /* InfoPlist.strings in Resources */ = {isa = PBXBuildFile; fileRef = EB11A62A18F4EF2E00B9E6D6 /* InfoPlist.strings */; };
		EB11A62E18F4EF2E00B9E6D6 /* table_Tests.m in Sources */ = {isa = PBXBuildFile; fileRef = EB11A62D18F4EF2E00B9E6D6 /* table_Tests.m */; };
		EB11A63718F6625E00B9E6D6 /* EditViewController.m in Sources */ = {isa = PBXBuildFile; fileRef = EB11A63618F6625E00B9E6D6 /* EditViewController.m */; };
		EB15E8BA1920D4800071A5C1 /* NetworkManager.m in Sources */ = {isa = PBXBuildFile; fileRef = EB15E8B71920D4800071A5C1 /* NetworkManager.m */; };
		EB15E8BB1920D4800071A5C1 /* QNetworkAdditions.m in Sources */ = {isa = PBXBuildFile; fileRef = EB15E8B91920D4800071A5C1 /* QNetworkAdditions.m */; };
		EB1A7F2A18FE9C4500EAAB04 /* DetailViewController.m in Sources */ = {isa = PBXBuildFile; fileRef = EB1A7F2918FE9C4500EAAB04 /* DetailViewController.m */; };
		EB22FCEE1919DEEA00EFD344 /* checked.jpg in Resources */ = {isa = PBXBuildFile; fileRef = EB22FCED1919DEEA00EFD344 /* checked.jpg */; };
		EB22FCF01919DEF800EFD344 /* unchecked.jpg in Resources */ = {isa = PBXBuildFile; fileRef = EB22FCEF1919DEF800EFD344 /* unchecked.jpg */; };
		EB22FCF31919EB2B00EFD344 /* SignUpViewController.m in Sources */ = {isa = PBXBuildFile; fileRef = EB22FCF21919EB2B00EFD344 /* SignUpViewController.m */; };
		EB3976D6190FA60000E5F1BB /* QuartzCore.framework in Frameworks */ = {isa = PBXBuildFile; fileRef = EB3976D5190FA60000E5F1BB /* QuartzCore.framework */; };
		EB3976D8190FA60800E5F1BB /* Accelerate.framework in Frameworks */ = {isa = PBXBuildFile; fileRef = EB3976D7190FA60800E5F1BB /* Accelerate.framework */; };
		EB3B8A0D18FE3309005930B0 /* StocklistViewController.m in Sources */ = {isa = PBXBuildFile; fileRef = EB3B8A0C18FE3309005930B0 /* StocklistViewController.m */; };
		EB4B65851918FF50003C058A /* LogInViewController.m in Sources */ = {isa = PBXBuildFile; fileRef = EB4B65841918FF50003C058A /* LogInViewController.m */; };
		EB7FA39418F4125000B08F3C /* Foundation.framework in Frameworks */ = {isa = PBXBuildFile; fileRef = EB7FA39318F4125000B08F3C /* Foundation.framework */; };
		EB7FA39618F4125000B08F3C /* CoreGraphics.framework in Frameworks */ = {isa = PBXBuildFile; fileRef = EB7FA39518F4125000B08F3C /* CoreGraphics.framework */; };
		EB7FA39818F4125000B08F3C /* UIKit.framework in Frameworks */ = {isa = PBXBuildFile; fileRef = EB7FA39718F4125000B08F3C /* UIKit.framework */; };
		EB7FA39E18F4125000B08F3C /* InfoPlist.strings in Resources */ = {isa = PBXBuildFile; fileRef = EB7FA39C18F4125000B08F3C /* InfoPlist.strings */; };
		EB7FA3A018F4125000B08F3C /* main.m in Sources */ = {isa = PBXBuildFile; fileRef = EB7FA39F18F4125000B08F3C /* main.m */; };
		EB7FA3A418F4125000B08F3C /* AppDelegate.m in Sources */ = {isa = PBXBuildFile; fileRef = EB7FA3A318F4125000B08F3C /* AppDelegate.m */; };
		EB7FA3A718F4125000B08F3C /* Main.storyboard in Resources */ = {isa = PBXBuildFile; fileRef = EB7FA3A518F4125000B08F3C /* Main.storyboard */; };
		EB7FA3AC18F4125000B08F3C /* Images.xcassets in Resources */ = {isa = PBXBuildFile; fileRef = EB7FA3AB18F4125000B08F3C /* Images.xcassets */; };
		EB7FA3B318F4125000B08F3C /* XCTest.framework in Frameworks */ = {isa = PBXBuildFile; fileRef = EB7FA3B218F4125000B08F3C /* XCTest.framework */; };
		EB7FA3B418F4125000B08F3C /* Foundation.framework in Frameworks */ = {isa = PBXBuildFile; fileRef = EB7FA39318F4125000B08F3C /* Foundation.framework */; };
		EB7FA3B518F4125000B08F3C /* UIKit.framework in Frameworks */ = {isa = PBXBuildFile; fileRef = EB7FA39718F4125000B08F3C /* UIKit.framework */; };
		EB7FA3BD18F4125000B08F3C /* InfoPlist.strings in Resources */ = {isa = PBXBuildFile; fileRef = EB7FA3BB18F4125000B08F3C /* InfoPlist.strings */; };
		EB7FA3BF18F4125000B08F3C /* asignment1Tests.m in Sources */ = {isa = PBXBuildFile; fileRef = EB7FA3BE18F4125000B08F3C /* asignment1Tests.m */; };
		EB7FA3CC18F4126100B08F3C /* ViewController.m in Sources */ = {isa = PBXBuildFile; fileRef = EB7FA3C918F4126100B08F3C /* ViewController.m */; };
		EB7FA3CD18F4126100B08F3C /* ProfilerClk.m in Sources */ = {isa = PBXBuildFile; fileRef = EB7FA3CB18F4126100B08F3C /* ProfilerClk.m */; };
		EB94382D1910B34A00B4CB1E /* libCorePlot-CocoaTouch.a in Frameworks */ = {isa = PBXBuildFile; fileRef = EB94382C1910B34500B4CB1E /* libCorePlot-CocoaTouch.a */; };
		EBF711B7190631DD00C2DAA3 /* BEMAnimations.m in Sources */ = {isa = PBXBuildFile; fileRef = EBF711B0190631DD00C2DAA3 /* BEMAnimations.m */; };
		EBF711B8190631DD00C2DAA3 /* BEMCircle.m in Sources */ = {isa = PBXBuildFile; fileRef = EBF711B2190631DD00C2DAA3 /* BEMCircle.m */; };
		EBF711B9190631DD00C2DAA3 /* BEMLine.m in Sources */ = {isa = PBXBuildFile; fileRef = EBF711B4190631DD00C2DAA3 /* BEMLine.m */; };
		EBF711BA190631DD00C2DAA3 /* BEMSimpleLineGraphView.m in Sources */ = {isa = PBXBuildFile; fileRef = EBF711B6190631DD00C2DAA3 /* BEMSimpleLineGraphView.m */; };
/* End PBXBuildFile section */

/* Begin PBXContainerItemProxy section */
		EB11A63018F4EF2E00B9E6D6 /* PBXContainerItemProxy */ = {
			isa = PBXContainerItemProxy;
			containerPortal = EB7FA38818F4125000B08F3C /* Project object */;
			proxyType = 1;
			remoteGlobalIDString = EB7FA38F18F4125000B08F3C;
			remoteInfo = asignment1;
		};
		EB7FA3B618F4125000B08F3C /* PBXContainerItemProxy */ = {
			isa = PBXContainerItemProxy;
			containerPortal = EB7FA38818F4125000B08F3C /* Project object */;
			proxyType = 1;
			remoteGlobalIDString = EB7FA38F18F4125000B08F3C;
			remoteInfo = asignment1;
		};
		EB94382B1910B34500B4CB1E /* PBXContainerItemProxy */ = {
			isa = PBXContainerItemProxy;
			containerPortal = EB9438251910B34500B4CB1E /* CorePlot-CocoaTouch.xcodeproj */;
			proxyType = 2;
			remoteGlobalIDString = BC9B83470FB8A0A40035D8DA;
			remoteInfo = "CorePlot-CocoaTouch";
		};
		EB94382E1910B36900B4CB1E /* PBXContainerItemProxy */ = {
			isa = PBXContainerItemProxy;
			containerPortal = EB9438251910B34500B4CB1E /* CorePlot-CocoaTouch.xcodeproj */;
			proxyType = 1;
			remoteGlobalIDString = BC9B83460FB8A0A40035D8DA;
			remoteInfo = "CorePlot-CocoaTouch";
		};
/* End PBXContainerItemProxy section */

/* Begin PBXFileReference section */
		EB11A62518F4EF2E00B9E6D6 /* table Tests.xctest */ = {isa = PBXFileReference; explicitFileType = wrapper.cfbundle; includeInIndex = 0; path = "table Tests.xctest"; sourceTree = BUILT_PRODUCTS_DIR; };
		EB11A62918F4EF2E00B9E6D6 /* table Tests-Info.plist */ = {isa = PBXFileReference; lastKnownFileType = text.plist.xml; path = "table Tests-Info.plist"; sourceTree = "<group>"; };
		EB11A62B18F4EF2E00B9E6D6 /* en */ = {isa = PBXFileReference; lastKnownFileType = text.plist.strings; name = en; path = en.lproj/InfoPlist.strings; sourceTree = "<group>"; };
		EB11A62D18F4EF2E00B9E6D6 /* table_Tests.m */ = {isa = PBXFileReference; lastKnownFileType = sourcecode.c.objc; path = table_Tests.m; sourceTree = "<group>"; };
		EB11A62F18F4EF2E00B9E6D6 /* table Tests-Prefix.pch */ = {isa = PBXFileReference; lastKnownFileType = sourcecode.c.h; path = "table Tests-Prefix.pch"; sourceTree = "<group>"; };
		EB11A63518F6625E00B9E6D6 /* EditViewController.h */ = {isa = PBXFileReference; fileEncoding = 4; lastKnownFileType = sourcecode.c.h; path = EditViewController.h; sourceTree = "<group>"; };
		EB11A63618F6625E00B9E6D6 /* EditViewController.m */ = {isa = PBXFileReference; fileEncoding = 4; lastKnownFileType = sourcecode.c.objc; path = EditViewController.m; sourceTree = "<group>"; };
		EB15E8B61920D4800071A5C1 /* NetworkManager.h */ = {isa = PBXFileReference; fileEncoding = 4; lastKnownFileType = sourcecode.c.h; path = NetworkManager.h; sourceTree = "<group>"; };
		EB15E8B71920D4800071A5C1 /* NetworkManager.m */ = {isa = PBXFileReference; fileEncoding = 4; lastKnownFileType = sourcecode.c.objc; path = NetworkManager.m; sourceTree = "<group>"; };
		EB15E8B81920D4800071A5C1 /* QNetworkAdditions.h */ = {isa = PBXFileReference; fileEncoding = 4; lastKnownFileType = sourcecode.c.h; path = QNetworkAdditions.h; sourceTree = "<group>"; };
		EB15E8B91920D4800071A5C1 /* QNetworkAdditions.m */ = {isa = PBXFileReference; fileEncoding = 4; lastKnownFileType = sourcecode.c.objc; path = QNetworkAdditions.m; sourceTree = "<group>"; };
		EB1A7F2818FE9C4500EAAB04 /* DetailViewController.h */ = {isa = PBXFileReference; fileEncoding = 4; lastKnownFileType = sourcecode.c.h; path = DetailViewController.h; sourceTree = "<group>"; };
		EB1A7F2918FE9C4500EAAB04 /* DetailViewController.m */ = {isa = PBXFileReference; fileEncoding = 4; lastKnownFileType = sourcecode.c.objc; path = DetailViewController.m; sourceTree = "<group>"; };
		EB22FCED1919DEEA00EFD344 /* checked.jpg */ = {isa = PBXFileReference; lastKnownFileType = image.jpeg; path = checked.jpg; sourceTree = "<group>"; };
		EB22FCEF1919DEF800EFD344 /* unchecked.jpg */ = {isa = PBXFileReference; lastKnownFileType = image.jpeg; path = unchecked.jpg; sourceTree = "<group>"; };
		EB22FCF11919EB2B00EFD344 /* SignUpViewController.h */ = {isa = PBXFileReference; fileEncoding = 4; lastKnownFileType = sourcecode.c.h; path = SignUpViewController.h; sourceTree = "<group>"; };
		EB22FCF21919EB2B00EFD344 /* SignUpViewController.m */ = {isa = PBXFileReference; fileEncoding = 4; lastKnownFileType = sourcecode.c.objc; path = SignUpViewController.m; sourceTree = "<group>"; };
		EB3976D5190FA60000E5F1BB /* QuartzCore.framework */ = {isa = PBXFileReference; lastKnownFileType = wrapper.framework; name = QuartzCore.framework; path = System/Library/Frameworks/QuartzCore.framework; sourceTree = SDKROOT; };
		EB3976D7190FA60800E5F1BB /* Accelerate.framework */ = {isa = PBXFileReference; lastKnownFileType = wrapper.framework; name = Accelerate.framework; path = System/Library/Frameworks/Accelerate.framework; sourceTree = SDKROOT; };
		EB3B8A0B18FE3309005930B0 /* StocklistViewController.h */ = {isa = PBXFileReference; fileEncoding = 4; lastKnownFileType = sourcecode.c.h; path = StocklistViewController.h; sourceTree = "<group>"; };
		EB3B8A0C18FE3309005930B0 /* StocklistViewController.m */ = {isa = PBXFileReference; fileEncoding = 4; lastKnownFileType = sourcecode.c.objc; path = StocklistViewController.m; sourceTree = "<group>"; };
		EB4B65831918FF50003C058A /* LogInViewController.h */ = {isa = PBXFileReference; fileEncoding = 4; lastKnownFileType = sourcecode.c.h; path = LogInViewController.h; sourceTree = "<group>"; };
		EB4B65841918FF50003C058A /* LogInViewController.m */ = {isa = PBXFileReference; fileEncoding = 4; lastKnownFileType = sourcecode.c.objc; path = LogInViewController.m; sourceTree = "<group>"; };
		EB7FA39018F4125000B08F3C /* asignment1.app */ = {isa = PBXFileReference; explicitFileType = wrapper.application; includeInIndex = 0; path = asignment1.app; sourceTree = BUILT_PRODUCTS_DIR; };
		EB7FA39318F4125000B08F3C /* Foundation.framework */ = {isa = PBXFileReference; lastKnownFileType = wrapper.framework; name = Foundation.framework; path = System/Library/Frameworks/Foundation.framework; sourceTree = SDKROOT; };
		EB7FA39518F4125000B08F3C /* CoreGraphics.framework */ = {isa = PBXFileReference; lastKnownFileType = wrapper.framework; name = CoreGraphics.framework; path = System/Library/Frameworks/CoreGraphics.framework; sourceTree = SDKROOT; };
		EB7FA39718F4125000B08F3C /* UIKit.framework */ = {isa = PBXFileReference; lastKnownFileType = wrapper.framework; name = UIKit.framework; path = System/Library/Frameworks/UIKit.framework; sourceTree = SDKROOT; };
		EB7FA39B18F4125000B08F3C /* asignment1-Info.plist */ = {isa = PBXFileReference; lastKnownFileType = text.plist.xml; path = "asignment1-Info.plist"; sourceTree = "<group>"; };
		EB7FA39D18F4125000B08F3C /* en */ = {isa = PBXFileReference; lastKnownFileType = text.plist.strings; name = en; path = en.lproj/InfoPlist.strings; sourceTree = "<group>"; };
		EB7FA39F18F4125000B08F3C /* main.m */ = {isa = PBXFileReference; lastKnownFileType = sourcecode.c.objc; path = main.m; sourceTree = "<group>"; };
		EB7FA3A118F4125000B08F3C /* asignment1-Prefix.pch */ = {isa = PBXFileReference; lastKnownFileType = sourcecode.c.h; path = "asignment1-Prefix.pch"; sourceTree = "<group>"; };
		EB7FA3A218F4125000B08F3C /* AppDelegate.h */ = {isa = PBXFileReference; lastKnownFileType = sourcecode.c.h; path = AppDelegate.h; sourceTree = "<group>"; };
		EB7FA3A318F4125000B08F3C /* AppDelegate.m */ = {isa = PBXFileReference; lastKnownFileType = sourcecode.c.objc; path = AppDelegate.m; sourceTree = "<group>"; };
		EB7FA3A618F4125000B08F3C /* Base */ = {isa = PBXFileReference; lastKnownFileType = file.storyboard; name = Base; path = Base.lproj/Main.storyboard; sourceTree = "<group>"; };
		EB7FA3AB18F4125000B08F3C /* Images.xcassets */ = {isa = PBXFileReference; lastKnownFileType = folder.assetcatalog; path = Images.xcassets; sourceTree = "<group>"; };
		EB7FA3B118F4125000B08F3C /* asignment1Tests.xctest */ = {isa = PBXFileReference; explicitFileType = wrapper.cfbundle; includeInIndex = 0; path = asignment1Tests.xctest; sourceTree = BUILT_PRODUCTS_DIR; };
		EB7FA3B218F4125000B08F3C /* XCTest.framework */ = {isa = PBXFileReference; lastKnownFileType = wrapper.framework; name = XCTest.framework; path = Library/Frameworks/XCTest.framework; sourceTree = DEVELOPER_DIR; };
		EB7FA3BA18F4125000B08F3C /* asignment1Tests-Info.plist */ = {isa = PBXFileReference; lastKnownFileType = text.plist.xml; path = "asignment1Tests-Info.plist"; sourceTree = "<group>"; };
		EB7FA3BC18F4125000B08F3C /* en */ = {isa = PBXFileReference; lastKnownFileType = text.plist.strings; name = en; path = en.lproj/InfoPlist.strings; sourceTree = "<group>"; };
		EB7FA3BE18F4125000B08F3C /* asignment1Tests.m */ = {isa = PBXFileReference; lastKnownFileType = sourcecode.c.objc; path = asignment1Tests.m; sourceTree = "<group>"; };
		EB7FA3C818F4126100B08F3C /* ViewController.h */ = {isa = PBXFileReference; fileEncoding = 4; lastKnownFileType = sourcecode.c.h; path = ViewController.h; sourceTree = "<group>"; };
		EB7FA3C918F4126100B08F3C /* ViewController.m */ = {isa = PBXFileReference; fileEncoding = 4; lastKnownFileType = sourcecode.c.objc; path = ViewController.m; sourceTree = "<group>"; };
		EB7FA3CA18F4126100B08F3C /* ProfilerClk.h */ = {isa = PBXFileReference; fileEncoding = 4; lastKnownFileType = sourcecode.c.h; path = ProfilerClk.h; sourceTree = "<group>"; };
		EB7FA3CB18F4126100B08F3C /* ProfilerClk.m */ = {isa = PBXFileReference; fileEncoding = 4; lastKnownFileType = sourcecode.c.objc; path = ProfilerClk.m; sourceTree = "<group>"; };
		EB9438251910B34500B4CB1E /* CorePlot-CocoaTouch.xcodeproj */ = {isa = PBXFileReference; lastKnownFileType = "wrapper.pb-project"; name = "CorePlot-CocoaTouch.xcodeproj"; path = "framework/CorePlot-CocoaTouch.xcodeproj"; sourceTree = "<group>"; };
		EBF711AF190631DD00C2DAA3 /* BEMAnimations.h */ = {isa = PBXFileReference; fileEncoding = 4; lastKnownFileType = sourcecode.c.h; path = BEMAnimations.h; sourceTree = "<group>"; };
		EBF711B0190631DD00C2DAA3 /* BEMAnimations.m */ = {isa = PBXFileReference; fileEncoding = 4; lastKnownFileType = sourcecode.c.objc; path = BEMAnimations.m; sourceTree = "<group>"; };
		EBF711B1190631DD00C2DAA3 /* BEMCircle.h */ = {isa = PBXFileReference; fileEncoding = 4; lastKnownFileType = sourcecode.c.h; path = BEMCircle.h; sourceTree = "<group>"; };
		EBF711B2190631DD00C2DAA3 /* BEMCircle.m */ = {isa = PBXFileReference; fileEncoding = 4; lastKnownFileType = sourcecode.c.objc; path = BEMCircle.m; sourceTree = "<group>"; };
		EBF711B3190631DD00C2DAA3 /* BEMLine.h */ = {isa = PBXFileReference; fileEncoding = 4; lastKnownFileType = sourcecode.c.h; path = BEMLine.h; sourceTree = "<group>"; };
		EBF711B4190631DD00C2DAA3 /* BEMLine.m */ = {isa = PBXFileReference; fileEncoding = 4; lastKnownFileType = sourcecode.c.objc; path = BEMLine.m; sourceTree = "<group>"; };
		EBF711B5190631DD00C2DAA3 /* BEMSimpleLineGraphView.h */ = {isa = PBXFileReference; fileEncoding = 4; lastKnownFileType = sourcecode.c.h; path = BEMSimpleLineGraphView.h; sourceTree = "<group>"; };
		EBF711B6190631DD00C2DAA3 /* BEMSimpleLineGraphView.m */ = {isa = PBXFileReference; fileEncoding = 4; lastKnownFileType = sourcecode.c.objc; path = BEMSimpleLineGraphView.m; sourceTree = "<group>"; };
/* End PBXFileReference section */

/* Begin PBXFrameworksBuildPhase section */
		EB11A62218F4EF2E00B9E6D6 /* Frameworks */ = {
			isa = PBXFrameworksBuildPhase;
			buildActionMask = 2147483647;
			files = (
				EB11A62618F4EF2E00B9E6D6 /* XCTest.framework in Frameworks */,
			);
			runOnlyForDeploymentPostprocessing = 0;
		};
		EB7FA38D18F4125000B08F3C /* Frameworks */ = {
			isa = PBXFrameworksBuildPhase;
			buildActionMask = 2147483647;
			files = (
				EB94382D1910B34A00B4CB1E /* libCorePlot-CocoaTouch.a in Frameworks */,
				EB3976D8190FA60800E5F1BB /* Accelerate.framework in Frameworks */,
				EB3976D6190FA60000E5F1BB /* QuartzCore.framework in Frameworks */,
				EB7FA39618F4125000B08F3C /* CoreGraphics.framework in Frameworks */,
				EB7FA39818F4125000B08F3C /* UIKit.framework in Frameworks */,
				EB7FA39418F4125000B08F3C /* Foundation.framework in Frameworks */,
			);
			runOnlyForDeploymentPostprocessing = 0;
		};
		EB7FA3AE18F4125000B08F3C /* Frameworks */ = {
			isa = PBXFrameworksBuildPhase;
			buildActionMask = 2147483647;
			files = (
				EB7FA3B318F4125000B08F3C /* XCTest.framework in Frameworks */,
				EB7FA3B518F4125000B08F3C /* UIKit.framework in Frameworks */,
				EB7FA3B418F4125000B08F3C /* Foundation.framework in Frameworks */,
			);
			runOnlyForDeploymentPostprocessing = 0;
		};
/* End PBXFrameworksBuildPhase section */

/* Begin PBXGroup section */
		EB11A62718F4EF2E00B9E6D6 /* table Tests */ = {
			isa = PBXGroup;
			children = (
				EB11A62D18F4EF2E00B9E6D6 /* table_Tests.m */,
				EB11A62818F4EF2E00B9E6D6 /* Supporting Files */,
			);
			path = "table Tests";
			sourceTree = "<group>";
		};
		EB11A62818F4EF2E00B9E6D6 /* Supporting Files */ = {
			isa = PBXGroup;
			children = (
				EB11A62918F4EF2E00B9E6D6 /* table Tests-Info.plist */,
				EB11A62A18F4EF2E00B9E6D6 /* InfoPlist.strings */,
				EB11A62F18F4EF2E00B9E6D6 /* table Tests-Prefix.pch */,
			);
			name = "Supporting Files";
			sourceTree = "<group>";
		};
		EB15E8BE1920D4840071A5C1 /* StreamsSet */ = {
			isa = PBXGroup;
			children = (
				EB15E8B61920D4800071A5C1 /* NetworkManager.h */,
				EB15E8B71920D4800071A5C1 /* NetworkManager.m */,
				EB15E8B91920D4800071A5C1 /* QNetworkAdditions.m */,
				EB15E8B81920D4800071A5C1 /* QNetworkAdditions.h */,
			);
			name = StreamsSet;
			sourceTree = "<group>";
		};
		EB7FA38718F4125000B08F3C = {
			isa = PBXGroup;
			children = (
				EB7FA39918F4125000B08F3C /* asignment1 */,
				EB7FA3B818F4125000B08F3C /* asignment1Tests */,
				EB11A62718F4EF2E00B9E6D6 /* table Tests */,
				EB7FA39218F4125000B08F3C /* Frameworks */,
				EB7FA39118F4125000B08F3C /* Products */,
			);
			sourceTree = "<group>";
		};
		EB7FA39118F4125000B08F3C /* Products */ = {
			isa = PBXGroup;
			children = (
				EB7FA39018F4125000B08F3C /* asignment1.app */,
				EB7FA3B118F4125000B08F3C /* asignment1Tests.xctest */,
				EB11A62518F4EF2E00B9E6D6 /* table Tests.xctest */,
			);
			name = Products;
			sourceTree = "<group>";
		};
		EB7FA39218F4125000B08F3C /* Frameworks */ = {
			isa = PBXGroup;
			children = (
				EB3976D7190FA60800E5F1BB /* Accelerate.framework */,
				EB3976D5190FA60000E5F1BB /* QuartzCore.framework */,
				EB7FA39318F4125000B08F3C /* Foundation.framework */,
				EB7FA39518F4125000B08F3C /* CoreGraphics.framework */,
				EB7FA39718F4125000B08F3C /* UIKit.framework */,
				EB7FA3B218F4125000B08F3C /* XCTest.framework */,
			);
			name = Frameworks;
			sourceTree = "<group>";
		};
		EB7FA39918F4125000B08F3C /* asignment1 */ = {
			isa = PBXGroup;
			children = (
				EB9438251910B34500B4CB1E /* CorePlot-CocoaTouch.xcodeproj */,
				EB7FA3A218F4125000B08F3C /* AppDelegate.h */,
				EB7FA3A318F4125000B08F3C /* AppDelegate.m */,
				EB7FA3A518F4125000B08F3C /* Main.storyboard */,
				EB4B65831918FF50003C058A /* LogInViewController.h */,
				EB4B65841918FF50003C058A /* LogInViewController.m */,
				EB22FCF11919EB2B00EFD344 /* SignUpViewController.h */,
				EB22FCF21919EB2B00EFD344 /* SignUpViewController.m */,
				EB7FA3C818F4126100B08F3C /* ViewController.h */,
				EB7FA3C918F4126100B08F3C /* ViewController.m */,
				EB1A7F2818FE9C4500EAAB04 /* DetailViewController.h */,
				EB1A7F2918FE9C4500EAAB04 /* DetailViewController.m */,
				EB3B8A0B18FE3309005930B0 /* StocklistViewController.h */,
				EB3B8A0C18FE3309005930B0 /* StocklistViewController.m */,
				EB7FA3CA18F4126100B08F3C /* ProfilerClk.h */,
				EB7FA3CB18F4126100B08F3C /* ProfilerClk.m */,
				EB22FCED1919DEEA00EFD344 /* checked.jpg */,
				EB22FCEF1919DEF800EFD344 /* unchecked.jpg */,
				EB7FA3AB18F4125000B08F3C /* Images.xcassets */,
				EB7FA39A18F4125000B08F3C /* Supporting Files */,
			);
			path = asignment1;
			sourceTree = "<group>";
		};
		EB7FA39A18F4125000B08F3C /* Supporting Files */ = {
			isa = PBXGroup;
			children = (
				EB15E8BE1920D4840071A5C1 /* StreamsSet */,
				EB11A63518F6625E00B9E6D6 /* EditViewController.h */,
				EB11A63618F6625E00B9E6D6 /* EditViewController.m */,
				EB7FA39B18F4125000B08F3C /* asignment1-Info.plist */,
				EBF711AE1906319A00C2DAA3 /* BEMA */,
				EB7FA39C18F4125000B08F3C /* InfoPlist.strings */,
				EB7FA39F18F4125000B08F3C /* main.m */,
				EB7FA3A118F4125000B08F3C /* asignment1-Prefix.pch */,
			);
			name = "Supporting Files";
			sourceTree = "<group>";
		};
		EB7FA3B818F4125000B08F3C /* asignment1Tests */ = {
			isa = PBXGroup;
			children = (
				EB7FA3BE18F4125000B08F3C /* asignment1Tests.m */,
				EB7FA3B918F4125000B08F3C /* Supporting Files */,
			);
			path = asignment1Tests;
			sourceTree = "<group>";
		};
		EB7FA3B918F4125000B08F3C /* Supporting Files */ = {
			isa = PBXGroup;
			children = (
				EB7FA3BA18F4125000B08F3C /* asignment1Tests-Info.plist */,
				EB7FA3BB18F4125000B08F3C /* InfoPlist.strings */,
			);
			name = "Supporting Files";
			sourceTree = "<group>";
		};
		EB9438261910B34500B4CB1E /* Products */ = {
			isa = PBXGroup;
			children = (
				EB94382C1910B34500B4CB1E /* libCorePlot-CocoaTouch.a */,
			);
			name = Products;
			sourceTree = "<group>";
		};
		EBF711AE1906319A00C2DAA3 /* BEMA */ = {
			isa = PBXGroup;
			children = (
				EBF711AF190631DD00C2DAA3 /* BEMAnimations.h */,
				EBF711B0190631DD00C2DAA3 /* BEMAnimations.m */,
				EBF711B1190631DD00C2DAA3 /* BEMCircle.h */,
				EBF711B2190631DD00C2DAA3 /* BEMCircle.m */,
				EBF711B3190631DD00C2DAA3 /* BEMLine.h */,
				EBF711B4190631DD00C2DAA3 /* BEMLine.m */,
				EBF711B5190631DD00C2DAA3 /* BEMSimpleLineGraphView.h */,
				EBF711B6190631DD00C2DAA3 /* BEMSimpleLineGraphView.m */,
			);
			name = BEMA;
			sourceTree = "<group>";
		};
/* End PBXGroup section */

/* Begin PBXNativeTarget section */
		EB11A62418F4EF2E00B9E6D6 /* table Tests */ = {
			isa = PBXNativeTarget;
			buildConfigurationList = EB11A63418F4EF2E00B9E6D6 /* Build configuration list for PBXNativeTarget "table Tests" */;
			buildPhases = (
				EB11A62118F4EF2E00B9E6D6 /* Sources */,
				EB11A62218F4EF2E00B9E6D6 /* Frameworks */,
				EB11A62318F4EF2E00B9E6D6 /* Resources */,
			);
			buildRules = (
			);
			dependencies = (
				EB11A63118F4EF2E00B9E6D6 /* PBXTargetDependency */,
			);
			name = "table Tests";
			productName = "table Tests";
			productReference = EB11A62518F4EF2E00B9E6D6 /* table Tests.xctest */;
			productType = "com.apple.product-type.bundle.unit-test";
		};
		EB7FA38F18F4125000B08F3C /* asignment1 */ = {
			isa = PBXNativeTarget;
			buildConfigurationList = EB7FA3C218F4125000B08F3C /* Build configuration list for PBXNativeTarget "asignment1" */;
			buildPhases = (
				EB7FA38C18F4125000B08F3C /* Sources */,
				EB7FA38D18F4125000B08F3C /* Frameworks */,
				EB7FA38E18F4125000B08F3C /* Resources */,
			);
			buildRules = (
			);
			dependencies = (
				EB94382F1910B36900B4CB1E /* PBXTargetDependency */,
			);
			name = asignment1;
			productName = asignment1;
			productReference = EB7FA39018F4125000B08F3C /* asignment1.app */;
			productType = "com.apple.product-type.application";
		};
		EB7FA3B018F4125000B08F3C /* asignment1Tests */ = {
			isa = PBXNativeTarget;
			buildConfigurationList = EB7FA3C518F4125000B08F3C /* Build configuration list for PBXNativeTarget "asignment1Tests" */;
			buildPhases = (
				EB7FA3AD18F4125000B08F3C /* Sources */,
				EB7FA3AE18F4125000B08F3C /* Frameworks */,
				EB7FA3AF18F4125000B08F3C /* Resources */,
			);
			buildRules = (
			);
			dependencies = (
				EB7FA3B718F4125000B08F3C /* PBXTargetDependency */,
			);
			name = asignment1Tests;
			productName = asignment1Tests;
			productReference = EB7FA3B118F4125000B08F3C /* asignment1Tests.xctest */;
			productType = "com.apple.product-type.bundle.unit-test";
		};
/* End PBXNativeTarget section */

/* Begin PBXProject section */
		EB7FA38818F4125000B08F3C /* Project object */ = {
			isa = PBXProject;
			attributes = {
				LastUpgradeCheck = 0510;
				ORGANIZATIONNAME = miang;
				TargetAttributes = {
					EB11A62418F4EF2E00B9E6D6 = {
						TestTargetID = EB7FA38F18F4125000B08F3C;
					};
					EB7FA3B018F4125000B08F3C = {
						TestTargetID = EB7FA38F18F4125000B08F3C;
					};
				};
			};
			buildConfigurationList = EB7FA38B18F4125000B08F3C /* Build configuration list for PBXProject "asignment1" */;
			compatibilityVersion = "Xcode 3.2";
			developmentRegion = English;
			hasScannedForEncodings = 0;
			knownRegions = (
				en,
				Base,
				English,
			);
			mainGroup = EB7FA38718F4125000B08F3C;
			productRefGroup = EB7FA39118F4125000B08F3C /* Products */;
			projectDirPath = "";
			projectReferences = (
				{
					ProductGroup = EB9438261910B34500B4CB1E /* Products */;
					ProjectRef = EB9438251910B34500B4CB1E /* CorePlot-CocoaTouch.xcodeproj */;
				},
			);
			projectRoot = "";
			targets = (
				EB7FA38F18F4125000B08F3C /* asignment1 */,
				EB7FA3B018F4125000B08F3C /* asignment1Tests */,
				EB11A62418F4EF2E00B9E6D6 /* table Tests */,
			);
		};
/* End PBXProject section */

/* Begin PBXReferenceProxy section */
		EB94382C1910B34500B4CB1E /* libCorePlot-CocoaTouch.a */ = {
			isa = PBXReferenceProxy;
			fileType = archive.ar;
			path = "libCorePlot-CocoaTouch.a";
			remoteRef = EB94382B1910B34500B4CB1E /* PBXContainerItemProxy */;
			sourceTree = BUILT_PRODUCTS_DIR;
		};
/* End PBXReferenceProxy section */

/* Begin PBXResourcesBuildPhase section */
		EB11A62318F4EF2E00B9E6D6 /* Resources */ = {
			isa = PBXResourcesBuildPhase;
			buildActionMask = 2147483647;
			files = (
				EB11A62C18F4EF2E00B9E6D6 /* InfoPlist.strings in Resources */,
			);
			runOnlyForDeploymentPostprocessing = 0;
		};
		EB7FA38E18F4125000B08F3C /* Resources */ = {
			isa = PBXResourcesBuildPhase;
			buildActionMask = 2147483647;
			files = (
				EB7FA3AC18F4125000B08F3C /* Images.xcassets in Resources */,
				EB7FA39E18F4125000B08F3C /* InfoPlist.strings in Resources */,
				EB22FCEE1919DEEA00EFD344 /* checked.jpg in Resources */,
				EB7FA3A718F4125000B08F3C /* Main.storyboard in Resources */,
				EB22FCF01919DEF800EFD344 /* unchecked.jpg in Resources */,
			);
			runOnlyForDeploymentPostprocessing = 0;
		};
		EB7FA3AF18F4125000B08F3C /* Resources */ = {
			isa = PBXResourcesBuildPhase;
			buildActionMask = 2147483647;
			files = (
				EB7FA3BD18F4125000B08F3C /* InfoPlist.strings in Resources */,
			);
			runOnlyForDeploymentPostprocessing = 0;
		};
/* End PBXResourcesBuildPhase section */

/* Begin PBXSourcesBuildPhase section */
		EB11A62118F4EF2E00B9E6D6 /* Sources */ = {
			isa = PBXSourcesBuildPhase;
			buildActionMask = 2147483647;
			files = (
				EB11A62E18F4EF2E00B9E6D6 /* table_Tests.m in Sources */,
			);
			runOnlyForDeploymentPostprocessing = 0;
		};
		EB7FA38C18F4125000B08F3C /* Sources */ = {
			isa = PBXSourcesBuildPhase;
			buildActionMask = 2147483647;
			files = (
				EBF711BA190631DD00C2DAA3 /* BEMSimpleLineGraphView.m in Sources */,
				EBF711B9190631DD00C2DAA3 /* BEMLine.m in Sources */,
				EB7FA3CC18F4126100B08F3C /* ViewController.m in Sources */,
				EBF711B7190631DD00C2DAA3 /* BEMAnimations.m in Sources */,
				EB3B8A0D18FE3309005930B0 /* StocklistViewController.m in Sources */,
				EB15E8BB1920D4800071A5C1 /* QNetworkAdditions.m in Sources */,
				EB7FA3CD18F4126100B08F3C /* ProfilerClk.m in Sources */,
				EB7FA3A418F4125000B08F3C /* AppDelegate.m in Sources */,
				EB7FA3A018F4125000B08F3C /* main.m in Sources */,
				EB15E8BA1920D4800071A5C1 /* NetworkManager.m in Sources */,
				EB4B65851918FF50003C058A /* LogInViewController.m in Sources */,
				EB11A63718F6625E00B9E6D6 /* EditViewController.m in Sources */,
				EB1A7F2A18FE9C4500EAAB04 /* DetailViewController.m in Sources */,
				EB22FCF31919EB2B00EFD344 /* SignUpViewController.m in Sources */,
				EBF711B8190631DD00C2DAA3 /* BEMCircle.m in Sources */,
			);
			runOnlyForDeploymentPostprocessing = 0;
		};
		EB7FA3AD18F4125000B08F3C /* Sources */ = {
			isa = PBXSourcesBuildPhase;
			buildActionMask = 2147483647;
			files = (
				EB7FA3BF18F4125000B08F3C /* asignment1Tests.m in Sources */,
			);
			runOnlyForDeploymentPostprocessing = 0;
		};
/* End PBXSourcesBuildPhase section */

/* Begin PBXTargetDependency section */
		EB11A63118F4EF2E00B9E6D6 /* PBXTargetDependency */ = {
			isa = PBXTargetDependency;
			target = EB7FA38F18F4125000B08F3C /* asignment1 */;
			targetProxy = EB11A63018F4EF2E00B9E6D6 /* PBXContainerItemProxy */;
		};
		EB7FA3B718F4125000B08F3C /* PBXTargetDependency */ = {
			isa = PBXTargetDependency;
			target = EB7FA38F18F4125000B08F3C /* asignment1 */;
			targetProxy = EB7FA3B618F4125000B08F3C /* PBXContainerItemProxy */;
		};
		EB94382F1910B36900B4CB1E /* PBXTargetDependency */ = {
			isa = PBXTargetDependency;
			name = "CorePlot-CocoaTouch";
			targetProxy = EB94382E1910B36900B4CB1E /* PBXContainerItemProxy */;
		};
/* End PBXTargetDependency section */

/* Begin PBXVariantGroup section */
		EB11A62A18F4EF2E00B9E6D6 /* InfoPlist.strings */ = {
			isa = PBXVariantGroup;
			children = (
				EB11A62B18F4EF2E00B9E6D6 /* en */,
			);
			name = InfoPlist.strings;
			sourceTree = "<group>";
		};
		EB7FA39C18F4125000B08F3C /* InfoPlist.strings */ = {
			isa = PBXVariantGroup;
			children = (
				EB7FA39D18F4125000B08F3C /* en */,
			);
			name = InfoPlist.strings;
			sourceTree = "<group>";
		};
		EB7FA3A518F4125000B08F3C /* Main.storyboard */ = {
			isa = PBXVariantGroup;
			children = (
				EB7FA3A618F4125000B08F3C /* Base */,
			);
			name = Main.storyboard;
			sourceTree = "<group>";
		};
		EB7FA3BB18F4125000B08F3C /* InfoPlist.strings */ = {
			isa = PBXVariantGroup;
			children = (
				EB7FA3BC18F4125000B08F3C /* en */,
			);
			name = InfoPlist.strings;
			sourceTree = "<group>";
		};
/* End PBXVariantGroup section */

/* Begin XCBuildConfiguration section */
		EB11A63218F4EF2E00B9E6D6 /* Debug */ = {
			isa = XCBuildConfiguration;
			buildSettings = {
				BUNDLE_LOADER = "$(BUILT_PRODUCTS_DIR)/asignment1.app/asignment1";
				FRAMEWORK_SEARCH_PATHS = (
					"$(DEVELOPER_FRAMEWORKS_DIR)",
					"$(inherited)",
				);
				GCC_ENABLE_OBJC_EXCEPTIONS = YES;
				GCC_PRECOMPILE_PREFIX_HEADER = YES;
				GCC_PREFIX_HEADER = "table Tests/table Tests-Prefix.pch";
				GCC_PREPROCESSOR_DEFINITIONS = (
					"DEBUG=1",
					"$(inherited)",
				);
				INFOPLIST_FILE = "table Tests/table Tests-Info.plist";
				MACOSX_DEPLOYMENT_TARGET = 10.9;
				PRODUCT_NAME = "$(TARGET_NAME)";
				SDKROOT = macosx;
				TEST_HOST = "$(BUNDLE_LOADER)";
				WRAPPER_EXTENSION = xctest;
			};
			name = Debug;
		};
		EB11A63318F4EF2E00B9E6D6 /* Release */ = {
			isa = XCBuildConfiguration;
			buildSettings = {
				BUNDLE_LOADER = "$(BUILT_PRODUCTS_DIR)/asignment1.app/asignment1";
				DEBUG_INFORMATION_FORMAT = "dwarf-with-dsym";
				FRAMEWORK_SEARCH_PATHS = (
					"$(DEVELOPER_FRAMEWORKS_DIR)",
					"$(inherited)",
				);
				GCC_ENABLE_OBJC_EXCEPTIONS = YES;
				GCC_PRECOMPILE_PREFIX_HEADER = YES;
				GCC_PREFIX_HEADER = "table Tests/table Tests-Prefix.pch";
				INFOPLIST_FILE = "table Tests/table Tests-Info.plist";
				MACOSX_DEPLOYMENT_TARGET = 10.9;
				PRODUCT_NAME = "$(TARGET_NAME)";
				SDKROOT = macosx;
				TEST_HOST = "$(BUNDLE_LOADER)";
				WRAPPER_EXTENSION = xctest;
			};
			name = Release;
		};
		EB7FA3C018F4125000B08F3C /* Debug */ = {
			isa = XCBuildConfiguration;
			buildSettings = {
				ALWAYS_SEARCH_USER_PATHS = NO;
				CLANG_CXX_LANGUAGE_STANDARD = "gnu++0x";
				CLANG_CXX_LIBRARY = "libc++";
				CLANG_ENABLE_MODULES = YES;
				CLANG_ENABLE_OBJC_ARC = YES;
				CLANG_WARN_BOOL_CONVERSION = YES;
				CLANG_WARN_CONSTANT_CONVERSION = YES;
				CLANG_WARN_DIRECT_OBJC_ISA_USAGE = YES_ERROR;
				CLANG_WARN_EMPTY_BODY = YES;
				CLANG_WARN_ENUM_CONVERSION = YES;
				CLANG_WARN_INT_CONVERSION = YES;
				CLANG_WARN_OBJC_ROOT_CLASS = YES_ERROR;
				CLANG_WARN__DUPLICATE_METHOD_MATCH = YES;
				"CODE_SIGN_IDENTITY[sdk=iphoneos*]" = "iPhone Developer";
				COPY_PHASE_STRIP = NO;
				GCC_C_LANGUAGE_STANDARD = gnu99;
				GCC_DYNAMIC_NO_PIC = NO;
				GCC_OPTIMIZATION_LEVEL = 0;
				GCC_PREPROCESSOR_DEFINITIONS = (
					"DEBUG=1",
					"$(inherited)",
				);
				GCC_SYMBOLS_PRIVATE_EXTERN = NO;
				GCC_WARN_64_TO_32_BIT_CONVERSION = YES;
				GCC_WARN_ABOUT_RETURN_TYPE = YES_ERROR;
				GCC_WARN_UNDECLARED_SELECTOR = YES;
				GCC_WARN_UNINITIALIZED_AUTOS = YES_AGGRESSIVE;
				GCC_WARN_UNUSED_FUNCTION = YES;
				GCC_WARN_UNUSED_VARIABLE = YES;
				IPHONEOS_DEPLOYMENT_TARGET = 7.1;
				ONLY_ACTIVE_ARCH = YES;
				SDKROOT = iphoneos;
			};
			name = Debug;
		};
		EB7FA3C118F4125000B08F3C /* Release */ = {
			isa = XCBuildConfiguration;
			buildSettings = {
				ALWAYS_SEARCH_USER_PATHS = NO;
				CLANG_CXX_LANGUAGE_STANDARD = "gnu++0x";
				CLANG_CXX_LIBRARY = "libc++";
				CLANG_ENABLE_MODULES = YES;
				CLANG_ENABLE_OBJC_ARC = YES;
				CLANG_WARN_BOOL_CONVERSION = YES;
				CLANG_WARN_CONSTANT_CONVERSION = YES;
				CLANG_WARN_DIRECT_OBJC_ISA_USAGE = YES_ERROR;
				CLANG_WARN_EMPTY_BODY = YES;
				CLANG_WARN_ENUM_CONVERSION = YES;
				CLANG_WARN_INT_CONVERSION = YES;
				CLANG_WARN_OBJC_ROOT_CLASS = YES_ERROR;
				CLANG_WARN__DUPLICATE_METHOD_MATCH = YES;
				"CODE_SIGN_IDENTITY[sdk=iphoneos*]" = "iPhone Developer";
				COPY_PHASE_STRIP = YES;
				ENABLE_NS_ASSERTIONS = NO;
				GCC_C_LANGUAGE_STANDARD = gnu99;
				GCC_WARN_64_TO_32_BIT_CONVERSION = YES;
				GCC_WARN_ABOUT_RETURN_TYPE = YES_ERROR;
				GCC_WARN_UNDECLARED_SELECTOR = YES;
				GCC_WARN_UNINITIALIZED_AUTOS = YES_AGGRESSIVE;
				GCC_WARN_UNUSED_FUNCTION = YES;
				GCC_WARN_UNUSED_VARIABLE = YES;
				IPHONEOS_DEPLOYMENT_TARGET = 7.1;
				SDKROOT = iphoneos;
				VALIDATE_PRODUCT = YES;
			};
			name = Release;
		};
		EB7FA3C318F4125000B08F3C /* Debug */ = {
			isa = XCBuildConfiguration;
			buildSettings = {
				ASSETCATALOG_COMPILER_APPICON_NAME = AppIcon;
				ASSETCATALOG_COMPILER_LAUNCHIMAGE_NAME = LaunchImage;
				GCC_PRECOMPILE_PREFIX_HEADER = YES;
				GCC_PREFIX_HEADER = "asignment1/asignment1-Prefix.pch";
				HEADER_SEARCH_PATHS = (
					"$(inherited)",
					/Applications/Xcode.app/Contents/Developer/Toolchains/OSX10.8.xctoolchain/usr/include,
					"/Users/miang/Desktop/asignment1/**",
				);
				INFOPLIST_FILE = "asignment1/asignment1-Info.plist";
				OTHER_LDFLAGS = "-ObjC";
				PRODUCT_NAME = "$(TARGET_NAME)";
				WRAPPER_EXTENSION = app;
			};
			name = Debug;
		};
		EB7FA3C418F4125000B08F3C /* Release */ = {
			isa = XCBuildConfiguration;
			buildSettings = {
				ASSETCATALOG_COMPILER_APPICON_NAME = AppIcon;
				ASSETCATALOG_COMPILER_LAUNCHIMAGE_NAME = LaunchImage;
				GCC_PRECOMPILE_PREFIX_HEADER = YES;
				GCC_PREFIX_HEADER = "asignment1/asignment1-Prefix.pch";
				HEADER_SEARCH_PATHS = (
					"$(inherited)",
					/Applications/Xcode.app/Contents/Developer/Toolchains/OSX10.8.xctoolchain/usr/include,
					"/Users/miang/Desktop/asignment1/**",
				);
				INFOPLIST_FILE = "asignment1/asignment1-Info.plist";
				OTHER_LDFLAGS = "-ObjC";
				PRODUCT_NAME = "$(TARGET_NAME)";
				WRAPPER_EXTENSION = app;
			};
			name = Release;
		};
		EB7FA3C618F4125000B08F3C /* Debug */ = {
			isa = XCBuildConfiguration;
			buildSettings = {
				BUNDLE_LOADER = "$(BUILT_PRODUCTS_DIR)/asignment1.app/asignment1";
				FRAMEWORK_SEARCH_PATHS = (
					"$(SDKROOT)/Developer/Library/Frameworks",
					"$(inherited)",
					"$(DEVELOPER_FRAMEWORKS_DIR)",
				);
				GCC_PRECOMPILE_PREFIX_HEADER = YES;
				GCC_PREFIX_HEADER = "asignment1/asignment1-Prefix.pch";
				GCC_PREPROCESSOR_DEFINITIONS = (
					"DEBUG=1",
					"$(inherited)",
				);
				INFOPLIST_FILE = "asignment1Tests/asignment1Tests-Info.plist";
				PRODUCT_NAME = "$(TARGET_NAME)";
				TEST_HOST = "$(BUNDLE_LOADER)";
				WRAPPER_EXTENSION = xctest;
			};
			name = Debug;
		};
		EB7FA3C718F4125000B08F3C /* Release */ = {
			isa = XCBuildConfiguration;
			buildSettings = {
				BUNDLE_LOADER = "$(BUILT_PRODUCTS_DIR)/asignment1.app/asignment1";
				FRAMEWORK_SEARCH_PATHS = (
					"$(SDKROOT)/Developer/Library/Frameworks",
					"$(inherited)",
					"$(DEVELOPER_FRAMEWORKS_DIR)",
				);
				GCC_PRECOMPILE_PREFIX_HEADER = YES;
				GCC_PREFIX_HEADER = "asignment1/asignment1-Prefix.pch";
				INFOPLIST_FILE = "asignment1Tests/asignment1Tests-Info.plist";
				PRODUCT_NAME = "$(TARGET_NAME)";
				TEST_HOST = "$(BUNDLE_LOADER)";
				WRAPPER_EXTENSION = xctest;
			};
			name = Release;
		};
/* End XCBuildConfiguration section */

/* Begin XCConfigurationList section */
		EB11A63418F4EF2E00B9E6D6 /* Build configuration list for PBXNativeTarget "table Tests" */ = {
			isa = XCConfigurationList;
			buildConfigurations = (
				EB11A63218F4EF2E00B9E6D6 /* Debug */,
				EB11A63318F4EF2E00B9E6D6 /* Release */,
			);
			defaultConfigurationIsVisible = 0;
			defaultConfigurationName = Release;
		};
		EB7FA38B18F4125000B08F3C /* Build configuration list for PBXProject "asignment1" */ = {
			isa = XCConfigurationList;
			buildConfigurations = (
				EB7FA3C018F4125000B08F3C /* Debug */,
				EB7FA3C118F4125000B08F3C /* Release */,
			);
			defaultConfigurationIsVisible = 0;
			defaultConfigurationName = Release;
		};
		EB7FA3C218F4125000B08F3C /* Build configuration list for PBXNativeTarget "asignment1" */ = {
			isa = XCConfigurationList;
			buildConfigurations = (
				EB7FA3C318F4125000B08F3C /* Debug */,
				EB7FA3C418F4125000B08F3C /* Release */,
			);
			defaultConfigurationIsVisible = 0;
			defaultConfigurationName = Release;
		};
		EB7FA3C518F4125000B08F3C /* Build configuration list for PBXNativeTarget "asignment1Tests" */ = {
			isa = XCConfigurationList;
			buildConfigurations = (
				EB7FA3C618F4125000B08F3C /* Debug */,
				EB7FA3C718F4125000B08F3C /* Release */,
			);
			defaultConfigurationIsVisible = 0;
			defaultConfigurationName = Release;
		};
/* End XCConfigurationList section */
	};
	rootObject = EB7FA38818F4125000B08F3C /* Project object */;
}
